
Microsoft Visual Studio Solution File, Format Version 12.00
# Visual Studio Version 16
VisualStudioVersion = 16.0.30717.126
MinimumVisualStudioVersion = 10.0.40219.1
Project("{FAE04EC0-301F-11D3-BF4B-00C04F79EFBC}") = "calculadoraexamen", "calculadoraexamen\calculadoraexamen.csproj", "{15BAEA21-3550-415C-98F7-1FBE07B219BE}"
EndProject
Global
	GlobalSection(SolutionConfigurationPlatforms) = preSolution
		Debug|Any CPU = Debug|Any CPU
		Release|Any CPU = Release|Any CPU
	EndGlobalSection
	GlobalSection(ProjectConfigurationPlatforms) = postSolution
		{15BAEA21-3550-415C-98F7-1FBE07B219BE}.Debug|Any CPU.ActiveCfg = Debug|Any CPU
		{15BAEA21-3550-415C-98F7-1FBE07B219BE}.Debug|Any CPU.Build.0 = Debug|Any CPU
		{15BAEA21-3550-415C-98F7-1FBE07B219BE}.Release|Any CPU.ActiveCfg = Release|Any CPU
		{15BAEA21-3550-415C-98F7-1FBE07B219BE}.Release|Any CPU.Build.0 = Release|Any CPU
	EndGlobalSection
	GlobalSection(SolutionProperties) = preSolution
		HideSolutionNode = FALSE
	EndGlobalSection
	GlobalSection(ExtensibilityGlobals) = postSolution
		SolutionGuid = {E6308EFD-8607-4C8E-B17B-6A0B6298F14D}
	EndGlobalSection
EndGlobal
